// !$*UTF8*$!
{
	archiveVersion = 1;
	classes = {
	};
	objectVersion = 77;
	objects = {

/* Begin PBXFileReference section */
		848C62CE2ED14D7100CE4DB9 /* login.html */ = {isa = PBXFileReference; lastKnownFileType = text.html; path = login.html; sourceTree = "<group>"; };
		84A956BA2ED0F042001A907B /* index.html */ = {isa = PBXFileReference; lastKnownFileType = text.html; path = index.html; sourceTree = "<group>"; };
		84A956BB2ED0F05F001A907B /* style.css */ = {isa = PBXFileReference; lastKnownFileType = text.css; path = style.css; sourceTree = "<group>"; };
/* End PBXFileReference section */

/* Begin PBXGroup section */
		84A956B32ED0E8E2001A907B = {
			isa = PBXGroup;
			children = (
				848C62CE2ED14D7100CE4DB9 /* login.html */,
				84A956BA2ED0F042001A907B /* index.html */,
				84A956BB2ED0F05F001A907B /* style.css */,
			);
			sourceTree = "<group>";
		};
/* End PBXGroup section */

/* Begin PBXProject section */
		84A956B42ED0E8E2001A907B /* Project object */ = {
			isa = PBXProject;
			attributes = {
				BuildIndependentTargetsInParallel = 1;
				LastUpgradeCheck = 1620;
			};
			buildConfigurationList = 84A956B72ED0E8E2001A907B /* Build configuration list for PBXProject "WEB-TITKIN_SA_241-351" */;
			developmentRegion = en;
			hasScannedForEncodings = 0;
			knownRegions = (
				en,
				Base,
			);
			mainGroup = 84A956B32ED0E8E2001A907B;
			minimizedProjectReferenceProxies = 1;
			preferredProjectObjectVersion = 77;
			projectDirPath = "";
			projectRoot = "";
			targets = (
			);
		};
/* End PBXProject section */

/* Begin XCBuildConfiguration section */
		84A956B82ED0E8E2001A907B /* Debug */ = {
			isa = XCBuildConfiguration;
			buildSettings = {
			};
			name = Debug;
		};
		84A956B92ED0E8E2001A907B /* Release */ = {
			isa = XCBuildConfiguration;
			buildSettings = {
			};
			name = Release;
		};
/* End XCBuildConfiguration section */

/* Begin XCConfigurationList section */
		84A956B72ED0E8E2001A907B /* Build configuration list for PBXProject "WEB-TITKIN_SA_241-351" */ = {
			isa = XCConfigurationList;
			buildConfigurations = (
				84A956B82ED0E8E2001A907B /* Debug */,
				84A956B92ED0E8E2001A907B /* Release */,
			);
			defaultConfigurationIsVisible = 0;
			defaultConfigurationName = Release;
		};
/* End XCConfigurationList section */
	};
	rootObject = 84A956B42ED0E8E2001A907B /* Project object */;
}
