// !$*UTF8*$!
{
	archiveVersion = 1;
	classes = {
	};
	objectVersion = 77;
	objects = {

/* Begin PBXGroup section */
		84A956B32ED0E8E2001A907B = {
			isa = PBXGroup;
			children = (
			);
			sourceTree = "<group>";
		};
/* End PBXGroup section */

/* Begin PBXProject section */
		84A956B42ED0E8E2001A907B /* Project object */ = {
			isa = PBXProject;
			attributes = {
				BuildIndependentTargetsInParallel = 1;
				LastUpgradeCheck = 1620;
			};
			buildConfigurationList = 84A956B72ED0E8E2001A907B /* Build configuration list for PBXProject "WEB-TITKIN_SA_241-351" */;
			developmentRegion = en;
			hasScannedForEncodings = 0;
			knownRegions = (
				en,
				Base,
			);
			mainGroup = 84A956B32ED0E8E2001A907B;
			minimizedProjectReferenceProxies = 1;
			preferredProjectObjectVersion = 77;
			projectDirPath = "";
			projectRoot = "";
			targets = (
			);
		};
/* End PBXProject section */

/* Begin XCBuildConfiguration section */
		84A956B82ED0E8E2001A907B /* Debug */ = {
			isa = XCBuildConfiguration;
			buildSettings = {
			};
			name = Debug;
		};
		84A956B92ED0E8E2001A907B /* Release */ = {
			isa = XCBuildConfiguration;
			buildSettings = {
			};
			name = Release;
		};
/* End XCBuildConfiguration section */

/* Begin XCConfigurationList section */
		84A956B72ED0E8E2001A907B /* Build configuration list for PBXProject "WEB-TITKIN_SA_241-351" */ = {
			isa = XCConfigurationList;
			buildConfigurations = (
				84A956B82ED0E8E2001A907B /* Debug */,
				84A956B92ED0E8E2001A907B /* Release */,
			);
			defaultConfigurationIsVisible = 0;
			defaultConfigurationName = Release;
		};
/* End XCConfigurationList section */
	};
	rootObject = 84A956B42ED0E8E2001A907B /* Project object */;
}
